{
  "name": "melodySearchProject",
  "lockfileVersion": 3,
  "requires": true,
  "packages": {
    "": {
      "dependencies": {
        "verovio": "^4.1.0"
      }
    },
    "node_modules/verovio": {
      "version": "4.1.0",
      "resolved": "https://registry.npmjs.org/verovio/-/verovio-4.1.0.tgz",
      "integrity": "sha512-HjSMVOlpOeK73mLEF/QVG/2UpFI3hvoGF0p324XwD+/qlcVdfJbJhic4FnIFJGxOcH4WNo0WVEjKP6R93VY/ew==",
      "engines": {
        "node": ">= 14.18.0"
      }
    }
  }
}
